{
    "version": 3,
    "terraform_version": "0.11.13",
    "serial": 54,
    "lineage": "2a2b10f3-6547-ef55-48fb-1e95fa66f255",
    "modules": [
        {
            "path": [
                "root"
            ],
            "outputs": {},
            "resources": {
                "aws_instance.web": {
                    "type": "aws_instance",
                    "depends_on": [
                        "aws_key_pair.my-key",
                        "aws_security_group.stephen",
                        "aws_subnet.stephen-subnetpublic",
                        "data.aws_ami.ubuntu"
                    ],
                    "primary": {
                        "id": "i-029bc96072b372986",
                        "attributes": {
                            "ami": "ami-0204cddbf060b2420",
                            "arn": "arn:aws:ec2:eu-west-1:969613056480:instance/i-029bc96072b372986",
                            "associate_public_ip_address": "true",
                            "availability_zone": "eu-west-1b",
                            "cpu_core_count": "1",
                            "cpu_threads_per_core": "1",
                            "credit_specification.#": "1",
                            "credit_specification.0.cpu_credits": "standard",
                            "disable_api_termination": "false",
                            "ebs_block_device.#": "0",
                            "ebs_optimized": "false",
                            "ephemeral_block_device.#": "0",
                            "get_password_data": "false",
                            "iam_instance_profile": "",
                            "id": "i-029bc96072b372986",
                            "instance_state": "running",
                            "instance_type": "t2.micro",
                            "ipv6_addresses.#": "0",
                            "key_name": "my-key",
                            "monitoring": "false",
                            "network_interface.#": "0",
                            "password_data": "",
                            "placement_group": "",
                            "primary_network_interface_id": "eni-0caf3799f273a5aaa",
                            "private_dns": "ip-10-0-5-231.eu-west-1.compute.internal",
                            "private_ip": "10.0.5.231",
                            "public_dns": "",
                            "public_ip": "34.244.78.57",
                            "root_block_device.#": "1",
                            "root_block_device.0.delete_on_termination": "true",
                            "root_block_device.0.iops": "100",
                            "root_block_device.0.volume_id": "vol-0aafa8fdacf8b4739",
                            "root_block_device.0.volume_size": "8",
                            "root_block_device.0.volume_type": "gp2",
                            "security_groups.#": "0",
                            "source_dest_check": "true",
                            "subnet_id": "subnet-03c5defe5c7a9c916",
                            "tags.%": "1",
                            "tags.Name": "stephen-apache-ec2",
                            "tenancy": "default",
                            "user_data": "7a69237ada423e5f23b938b7feb47df0d9076611",
                            "volume_tags.%": "0",
                            "vpc_security_group_ids.#": "1",
                            "vpc_security_group_ids.2955462650": "sg-0f38987e2cdcb4308"
                        },
                        "meta": {
                            "e2bfb730-ecaa-11e6-8f88-34363bc7c4c0": {
                                "create": 600000000000,
                                "delete": 1200000000000,
                                "update": 600000000000
                            },
                            "schema_version": "1"
                        },
                        "tainted": false
                    },
                    "deposed": [],
                    "provider": "provider.aws"
                },
                "aws_internet_gateway.stephen_VPC_GW": {
                    "type": "aws_internet_gateway",
                    "depends_on": [
                        "aws_vpc.main"
                    ],
                    "primary": {
                        "id": "igw-013e890bd689b7ce9",
                        "attributes": {
                            "id": "igw-013e890bd689b7ce9",
                            "owner_id": "969613056480",
                            "tags.%": "1",
                            "tags.Name": "stephen VPC Internet Gateway",
                            "vpc_id": "vpc-06baf2a2fcff3adcd"
                        },
                        "meta": {},
                        "tainted": false
                    },
                    "deposed": [],
                    "provider": "provider.aws"
                },
                "aws_key_pair.my-key": {
                    "type": "aws_key_pair",
                    "depends_on": [],
                    "primary": {
                        "id": "my-key",
                        "attributes": {
                            "fingerprint": "68:b0:7b:a7:78:10:69:92:e5:7e:30:04:a0:a9:ab:52",
                            "id": "my-key",
                            "key_name": "my-key",
                            "public_key": "ssh-rsa AAAAB3NzaC1yc2EAAAADAQABAAABAQC/IgwXqFED6+a70T+W7qCmr8/sHzUE2IBvdvQrZ/DeYTRPYUwOko+k5P+58KH5xZPk7CjwI+sDNbypRYSEMCzjvbW95Trxq+P7ZPu+fD8ujnO00EenEJvOzTQiL9Uu8pZoBYTOjQD1RwN9Bo7ZMmqskfdL/vdaAcFEf/kBY5SaCsCflZrF2SF3tGNpD64pkZQJdjRJQ23IV7oSQvc8CJG4ElFyvVfQIJfhkhmaYj5hQru20Ze+9jKoU2WnF7Vzent+/mVNTeZYnqAOmJxqHWuWhpiI4F+Sbq2eJP4OEP676HgECM/myaXlrmJpbovRjKWYTgrxvWuxAFYMzUlMd0ix stephenwe@Celtic.local"
                        },
                        "meta": {
                            "schema_version": "1"
                        },
                        "tainted": false
                    },
                    "deposed": [],
                    "provider": "provider.aws"
                },
                "aws_route.stephen_VPC_internet_access": {
                    "type": "aws_route",
                    "depends_on": [
                        "aws_internet_gateway.stephen_VPC_GW",
                        "aws_route_table.stephen_public_route_table"
                    ],
                    "primary": {
                        "id": "r-rtb-0e6152602358136ac1080289494",
                        "attributes": {
                            "destination_cidr_block": "0.0.0.0/0",
                            "destination_prefix_list_id": "",
                            "egress_only_gateway_id": "",
                            "gateway_id": "igw-013e890bd689b7ce9",
                            "id": "r-rtb-0e6152602358136ac1080289494",
                            "instance_id": "",
                            "instance_owner_id": "",
                            "nat_gateway_id": "",
                            "network_interface_id": "",
                            "origin": "CreateRoute",
                            "route_table_id": "rtb-0e6152602358136ac",
                            "state": "active",
                            "transit_gateway_id": "",
                            "vpc_peering_connection_id": ""
                        },
                        "meta": {
                            "e2bfb730-ecaa-11e6-8f88-34363bc7c4c0": {
                                "create": 120000000000,
                                "delete": 300000000000
                            }
                        },
                        "tainted": false
                    },
                    "deposed": [],
                    "provider": "provider.aws"
                },
                "aws_route_table.stephen_private_route_table": {
                    "type": "aws_route_table",
                    "depends_on": [
                        "aws_vpc.main"
                    ],
                    "primary": {
                        "id": "rtb-0cd73d17c43deddad",
                        "attributes": {
                            "id": "rtb-0cd73d17c43deddad",
                            "owner_id": "969613056480",
                            "propagating_vgws.#": "0",
                            "route.#": "0",
                            "tags.%": "1",
                            "tags.Name": "stephen VPC Private Route Table",
                            "vpc_id": "vpc-06baf2a2fcff3adcd"
                        },
                        "meta": {},
                        "tainted": false
                    },
                    "deposed": [],
                    "provider": "provider.aws"
                },
                "aws_route_table.stephen_public_route_table": {
                    "type": "aws_route_table",
                    "depends_on": [
                        "aws_vpc.main"
                    ],
                    "primary": {
                        "id": "rtb-0e6152602358136ac",
                        "attributes": {
                            "id": "rtb-0e6152602358136ac",
                            "owner_id": "969613056480",
                            "propagating_vgws.#": "0",
                            "route.#": "1",
                            "route.1941782866.cidr_block": "0.0.0.0/0",
                            "route.1941782866.egress_only_gateway_id": "",
                            "route.1941782866.gateway_id": "igw-013e890bd689b7ce9",
                            "route.1941782866.instance_id": "",
                            "route.1941782866.ipv6_cidr_block": "",
                            "route.1941782866.nat_gateway_id": "",
                            "route.1941782866.network_interface_id": "",
                            "route.1941782866.transit_gateway_id": "",
                            "route.1941782866.vpc_peering_connection_id": "",
                            "tags.%": "1",
                            "tags.Name": "stephen VPC Public Route Table",
                            "vpc_id": "vpc-06baf2a2fcff3adcd"
                        },
                        "meta": {},
                        "tainted": false
                    },
                    "deposed": [],
                    "provider": "provider.aws"
                },
                "aws_route_table_association.stephen_Private_VPC_association": {
                    "type": "aws_route_table_association",
                    "depends_on": [
                        "aws_route_table.stephen_private_route_table",
                        "aws_subnet.stephen-subnetprivate"
                    ],
                    "primary": {
                        "id": "rtbassoc-0e33d92ed0a810037",
                        "attributes": {
                            "id": "rtbassoc-0e33d92ed0a810037",
                            "route_table_id": "rtb-0cd73d17c43deddad",
                            "subnet_id": "subnet-054c77cd50f12d097"
                        },
                        "meta": {},
                        "tainted": false
                    },
                    "deposed": [],
                    "provider": "provider.aws"
                },
                "aws_route_table_association.stephen_Public_VPC_association": {
                    "type": "aws_route_table_association",
                    "depends_on": [
                        "aws_route_table.stephen_public_route_table",
                        "aws_subnet.stephen-subnetpublic"
                    ],
                    "primary": {
                        "id": "rtbassoc-0fe969d830741cea6",
                        "attributes": {
                            "id": "rtbassoc-0fe969d830741cea6",
                            "route_table_id": "rtb-0e6152602358136ac",
                            "subnet_id": "subnet-03c5defe5c7a9c916"
                        },
                        "meta": {},
                        "tainted": false
                    },
                    "deposed": [],
                    "provider": "provider.aws"
                },
                "aws_security_group.stephen": {
                    "type": "aws_security_group",
                    "depends_on": [
                        "aws_vpc.main"
                    ],
                    "primary": {
                        "id": "sg-0f38987e2cdcb4308",
                        "attributes": {
                            "arn": "arn:aws:ec2:eu-west-1:969613056480:security-group/sg-0f38987e2cdcb4308",
                            "description": "Managed by Terraform",
                            "egress.#": "1",
                            "egress.482069346.cidr_blocks.#": "1",
                            "egress.482069346.cidr_blocks.0": "0.0.0.0/0",
                            "egress.482069346.description": "",
                            "egress.482069346.from_port": "0",
                            "egress.482069346.ipv6_cidr_blocks.#": "0",
                            "egress.482069346.prefix_list_ids.#": "0",
                            "egress.482069346.protocol": "-1",
                            "egress.482069346.security_groups.#": "0",
                            "egress.482069346.self": "false",
                            "egress.482069346.to_port": "0",
                            "id": "sg-0f38987e2cdcb4308",
                            "ingress.#": "2",
                            "ingress.2214680975.cidr_blocks.#": "1",
                            "ingress.2214680975.cidr_blocks.0": "0.0.0.0/0",
                            "ingress.2214680975.description": "",
                            "ingress.2214680975.from_port": "80",
                            "ingress.2214680975.ipv6_cidr_blocks.#": "0",
                            "ingress.2214680975.prefix_list_ids.#": "0",
                            "ingress.2214680975.protocol": "tcp",
                            "ingress.2214680975.security_groups.#": "0",
                            "ingress.2214680975.self": "false",
                            "ingress.2214680975.to_port": "80",
                            "ingress.2541437006.cidr_blocks.#": "1",
                            "ingress.2541437006.cidr_blocks.0": "0.0.0.0/0",
                            "ingress.2541437006.description": "",
                            "ingress.2541437006.from_port": "22",
                            "ingress.2541437006.ipv6_cidr_blocks.#": "0",
                            "ingress.2541437006.prefix_list_ids.#": "0",
                            "ingress.2541437006.protocol": "tcp",
                            "ingress.2541437006.security_groups.#": "0",
                            "ingress.2541437006.self": "false",
                            "ingress.2541437006.to_port": "22",
                            "name": "stephen",
                            "owner_id": "969613056480",
                            "revoke_rules_on_delete": "false",
                            "tags.%": "0",
                            "vpc_id": "vpc-06baf2a2fcff3adcd"
                        },
                        "meta": {
                            "e2bfb730-ecaa-11e6-8f88-34363bc7c4c0": {
                                "create": 600000000000,
                                "delete": 600000000000
                            },
                            "schema_version": "1"
                        },
                        "tainted": false
                    },
                    "deposed": [],
                    "provider": "provider.aws"
                },
                "aws_subnet.stephen-subnetprivate": {
                    "type": "aws_subnet",
                    "depends_on": [
                        "aws_vpc.main"
                    ],
                    "primary": {
                        "id": "subnet-054c77cd50f12d097",
                        "attributes": {
                            "arn": "arn:aws:ec2:eu-west-1:969613056480:subnet/subnet-054c77cd50f12d097",
                            "assign_ipv6_address_on_creation": "false",
                            "availability_zone": "eu-west-1a",
                            "availability_zone_id": "euw1-az1",
                            "cidr_block": "10.0.10.0/24",
                            "id": "subnet-054c77cd50f12d097",
                            "ipv6_cidr_block": "",
                            "ipv6_cidr_block_association_id": "",
                            "map_public_ip_on_launch": "false",
                            "owner_id": "969613056480",
                            "tags.%": "1",
                            "tags.Name": "stephen-subnetprivate",
                            "vpc_id": "vpc-06baf2a2fcff3adcd"
                        },
                        "meta": {
                            "e2bfb730-ecaa-11e6-8f88-34363bc7c4c0": {
                                "create": 600000000000,
                                "delete": 600000000000
                            },
                            "schema_version": "1"
                        },
                        "tainted": false
                    },
                    "deposed": [],
                    "provider": "provider.aws"
                },
                "aws_subnet.stephen-subnetpublic": {
                    "type": "aws_subnet",
                    "depends_on": [
                        "aws_vpc.main"
                    ],
                    "primary": {
                        "id": "subnet-03c5defe5c7a9c916",
                        "attributes": {
                            "arn": "arn:aws:ec2:eu-west-1:969613056480:subnet/subnet-03c5defe5c7a9c916",
                            "assign_ipv6_address_on_creation": "false",
                            "availability_zone": "eu-west-1b",
                            "availability_zone_id": "euw1-az2",
                            "cidr_block": "10.0.5.0/24",
                            "id": "subnet-03c5defe5c7a9c916",
                            "ipv6_cidr_block": "",
                            "ipv6_cidr_block_association_id": "",
                            "map_public_ip_on_launch": "false",
                            "owner_id": "969613056480",
                            "tags.%": "1",
                            "tags.Name": "stephen-subnetpublic",
                            "vpc_id": "vpc-06baf2a2fcff3adcd"
                        },
                        "meta": {
                            "e2bfb730-ecaa-11e6-8f88-34363bc7c4c0": {
                                "create": 600000000000,
                                "delete": 600000000000
                            },
                            "schema_version": "1"
                        },
                        "tainted": false
                    },
                    "deposed": [],
                    "provider": "provider.aws"
                },
                "aws_vpc.main": {
                    "type": "aws_vpc",
                    "depends_on": [],
                    "primary": {
                        "id": "vpc-06baf2a2fcff3adcd",
                        "attributes": {
                            "arn": "arn:aws:ec2:eu-west-1:969613056480:vpc/vpc-06baf2a2fcff3adcd",
                            "assign_generated_ipv6_cidr_block": "false",
                            "cidr_block": "10.0.0.0/16",
                            "default_network_acl_id": "acl-073fd6ef1d256b6e9",
                            "default_route_table_id": "rtb-0f085b99139f81a85",
                            "default_security_group_id": "sg-04334bdf93b733cd7",
                            "dhcp_options_id": "dopt-ed8ceb8b",
                            "enable_classiclink": "false",
                            "enable_classiclink_dns_support": "false",
                            "enable_dns_hostnames": "false",
                            "enable_dns_support": "true",
                            "id": "vpc-06baf2a2fcff3adcd",
                            "instance_tenancy": "default",
                            "ipv6_association_id": "",
                            "ipv6_cidr_block": "",
                            "main_route_table_id": "rtb-0f085b99139f81a85",
                            "owner_id": "969613056480",
                            "tags.%": "1",
                            "tags.Name": "stephen"
                        },
                        "meta": {
                            "schema_version": "1"
                        },
                        "tainted": false
                    },
                    "deposed": [],
                    "provider": "provider.aws"
                },
                "data.aws_ami.ubuntu": {
                    "type": "aws_ami",
                    "depends_on": [],
                    "primary": {
                        "id": "ami-0204cddbf060b2420",
                        "attributes": {
                            "architecture": "x86_64",
                            "block_device_mappings.#": "3",
                            "block_device_mappings.1634610537.device_name": "/dev/sdb",
                            "block_device_mappings.1634610537.ebs.%": "0",
                            "block_device_mappings.1634610537.no_device": "",
                            "block_device_mappings.1634610537.virtual_name": "ephemeral0",
                            "block_device_mappings.2547816212.device_name": "/dev/sda1",
                            "block_device_mappings.2547816212.ebs.%": "6",
                            "block_device_mappings.2547816212.ebs.delete_on_termination": "true",
                            "block_device_mappings.2547816212.ebs.encrypted": "false",
                            "block_device_mappings.2547816212.ebs.iops": "0",
                            "block_device_mappings.2547816212.ebs.snapshot_id": "snap-08cae9d37a8b146a6",
                            "block_device_mappings.2547816212.ebs.volume_size": "8",
                            "block_device_mappings.2547816212.ebs.volume_type": "gp2",
                            "block_device_mappings.2547816212.no_device": "",
                            "block_device_mappings.2547816212.virtual_name": "",
                            "block_device_mappings.3850042718.device_name": "/dev/sdc",
                            "block_device_mappings.3850042718.ebs.%": "0",
                            "block_device_mappings.3850042718.no_device": "",
                            "block_device_mappings.3850042718.virtual_name": "ephemeral1",
                            "creation_date": "2019-03-21T16:01:35.000Z",
                            "description": "Canonical, Ubuntu, 18.04 LTS, amd64 bionic image build on 2019-03-20",
                            "filter.#": "2",
                            "filter.490168357.name": "virtualization-type",
                            "filter.490168357.values.#": "1",
                            "filter.490168357.values.0": "hvm",
                            "filter.942818600.name": "name",
                            "filter.942818600.values.#": "1",
                            "filter.942818600.values.0": "ubuntu/images/hvm-ssd/ubuntu-bionic-18.04-amd64-server-*",
                            "hypervisor": "xen",
                            "id": "ami-0204cddbf060b2420",
                            "image_id": "ami-0204cddbf060b2420",
                            "image_location": "099720109477/ubuntu/images/hvm-ssd/ubuntu-bionic-18.04-amd64-server-20190320",
                            "image_type": "machine",
                            "most_recent": "true",
                            "name": "ubuntu/images/hvm-ssd/ubuntu-bionic-18.04-amd64-server-20190320",
                            "owner_id": "099720109477",
                            "owners.#": "1",
                            "owners.0": "099720109477",
                            "product_codes.#": "0",
                            "public": "true",
                            "root_device_name": "/dev/sda1",
                            "root_device_type": "ebs",
                            "root_snapshot_id": "snap-08cae9d37a8b146a6",
                            "sriov_net_support": "simple",
                            "state": "available",
                            "state_reason.%": "2",
                            "state_reason.code": "UNSET",
                            "state_reason.message": "UNSET",
                            "tags.%": "0",
                            "virtualization_type": "hvm"
                        },
                        "meta": {},
                        "tainted": false
                    },
                    "deposed": [],
                    "provider": "provider.aws"
                }
            },
            "depends_on": []
        }
    ]
}
