{
    "version": 3,
    "terraform_version": "0.11.13",
    "serial": 16,
    "lineage": "3c86515c-639a-c272-f357-503c13b636e7",
    "modules": [
        {
            "path": [
                "root"
            ],
            "outputs": {},
            "resources": {
                "aws_eip.jenkins-master-eip": {
                    "type": "aws_eip",
                    "depends_on": [
                        "aws_instance.jenkins-master"
                    ],
                    "primary": {
                        "id": "eipalloc-06f0913724ed158dd",
                        "attributes": {
                            "association_id": "eipassoc-033de28de0a4cfb31",
                            "domain": "vpc",
                            "id": "eipalloc-06f0913724ed158dd",
                            "instance": "i-046390d82da325653",
                            "network_interface": "eni-05f03ea1988e12ece",
                            "private_dns": "ip-10-0-5-63.eu-west-1.compute.internal",
                            "private_ip": "10.0.5.63",
                            "public_dns": "ec2-99-80-161-207.eu-west-1.compute.amazonaws.com",
                            "public_ip": "99.80.161.207",
                            "public_ipv4_pool": "amazon",
                            "tags.%": "0",
                            "vpc": "true"
                        },
                        "meta": {
                            "e2bfb730-ecaa-11e6-8f88-34363bc7c4c0": {
                                "delete": 180000000000,
                                "read": 900000000000,
                                "update": 300000000000
                            }
                        },
                        "tainted": false
                    },
                    "deposed": [],
                    "provider": "provider.aws"
                },
                "aws_instance.jenkins-master": {
                    "type": "aws_instance",
                    "depends_on": [
                        "aws_key_pair.my-master-key",
                        "aws_security_group.stephen",
                        "aws_subnet.stephen-subnetpublic",
                        "data.aws_ami.amz-jenkins-master"
                    ],
                    "primary": {
                        "id": "i-046390d82da325653",
                        "attributes": {
                            "ami": "ami-08935252a36e25f85",
                            "arn": "arn:aws:ec2:eu-west-1:969613056480:instance/i-046390d82da325653",
                            "associate_public_ip_address": "false",
                            "availability_zone": "eu-west-1c",
                            "cpu_core_count": "1",
                            "cpu_threads_per_core": "1",
                            "credit_specification.#": "1",
                            "credit_specification.0.cpu_credits": "standard",
                            "disable_api_termination": "false",
                            "ebs_block_device.#": "0",
                            "ebs_optimized": "false",
                            "ephemeral_block_device.#": "0",
                            "get_password_data": "false",
                            "iam_instance_profile": "",
                            "id": "i-046390d82da325653",
                            "instance_state": "running",
                            "instance_type": "t2.micro",
                            "ipv6_addresses.#": "0",
                            "key_name": "my-master-key",
                            "monitoring": "false",
                            "network_interface.#": "0",
                            "password_data": "",
                            "placement_group": "",
                            "primary_network_interface_id": "eni-05f03ea1988e12ece",
                            "private_dns": "ip-10-0-5-63.eu-west-1.compute.internal",
                            "private_ip": "10.0.5.63",
                            "public_dns": "",
                            "public_ip": "",
                            "root_block_device.#": "1",
                            "root_block_device.0.delete_on_termination": "true",
                            "root_block_device.0.iops": "100",
                            "root_block_device.0.volume_id": "vol-007eed213a552d920",
                            "root_block_device.0.volume_size": "8",
                            "root_block_device.0.volume_type": "gp2",
                            "security_groups.#": "0",
                            "source_dest_check": "true",
                            "subnet_id": "subnet-06f5279e8ef581d27",
                            "tags.%": "1",
                            "tags.Name": "Stephen EC2 Jenkins System",
                            "tenancy": "default",
                            "user_data": "5b56cd1fab385ff619e95248fc4cbcefe6839105",
                            "volume_tags.%": "0",
                            "vpc_security_group_ids.#": "1",
                            "vpc_security_group_ids.259678359": "sg-0e1a0ee88e6e39fdf"
                        },
                        "meta": {
                            "e2bfb730-ecaa-11e6-8f88-34363bc7c4c0": {
                                "create": 600000000000,
                                "delete": 1200000000000,
                                "update": 600000000000
                            },
                            "schema_version": "1"
                        },
                        "tainted": false
                    },
                    "deposed": [],
                    "provider": "provider.aws"
                },
                "aws_internet_gateway.stephen_VPC_GW": {
                    "type": "aws_internet_gateway",
                    "depends_on": [
                        "aws_vpc.main"
                    ],
                    "primary": {
                        "id": "igw-03633d2c75f52b3ed",
                        "attributes": {
                            "id": "igw-03633d2c75f52b3ed",
                            "owner_id": "969613056480",
                            "tags.%": "1",
                            "tags.Name": "Stephen EC2 Jenkins System",
                            "vpc_id": "vpc-033cac8b8586bff32"
                        },
                        "meta": {},
                        "tainted": false
                    },
                    "deposed": [],
                    "provider": "provider.aws"
                },
                "aws_key_pair.my-master-key": {
                    "type": "aws_key_pair",
                    "depends_on": [],
                    "primary": {
                        "id": "my-master-key",
                        "attributes": {
                            "fingerprint": "68:b0:7b:a7:78:10:69:92:e5:7e:30:04:a0:a9:ab:52",
                            "id": "my-master-key",
                            "key_name": "my-master-key",
                            "public_key": "ssh-rsa AAAAB3NzaC1yc2EAAAADAQABAAABAQC/IgwXqFED6+a70T+W7qCmr8/sHzUE2IBvdvQrZ/DeYTRPYUwOko+k5P+58KH5xZPk7CjwI+sDNbypRYSEMCzjvbW95Trxq+P7ZPu+fD8ujnO00EenEJvOzTQiL9Uu8pZoBYTOjQD1RwN9Bo7ZMmqskfdL/vdaAcFEf/kBY5SaCsCflZrF2SF3tGNpD64pkZQJdjRJQ23IV7oSQvc8CJG4ElFyvVfQIJfhkhmaYj5hQru20Ze+9jKoU2WnF7Vzent+/mVNTeZYnqAOmJxqHWuWhpiI4F+Sbq2eJP4OEP676HgECM/myaXlrmJpbovRjKWYTgrxvWuxAFYMzUlMd0ix stephenwe@Celtic.local"
                        },
                        "meta": {
                            "schema_version": "1"
                        },
                        "tainted": false
                    },
                    "deposed": [],
                    "provider": "provider.aws"
                },
                "aws_key_pair.my-slave-key": {
                    "type": "aws_key_pair",
                    "depends_on": [],
                    "primary": {
                        "id": "my-slave-key",
                        "attributes": {
                            "fingerprint": "68:b0:7b:a7:78:10:69:92:e5:7e:30:04:a0:a9:ab:52",
                            "id": "my-slave-key",
                            "key_name": "my-slave-key",
                            "public_key": "ssh-rsa AAAAB3NzaC1yc2EAAAADAQABAAABAQC/IgwXqFED6+a70T+W7qCmr8/sHzUE2IBvdvQrZ/DeYTRPYUwOko+k5P+58KH5xZPk7CjwI+sDNbypRYSEMCzjvbW95Trxq+P7ZPu+fD8ujnO00EenEJvOzTQiL9Uu8pZoBYTOjQD1RwN9Bo7ZMmqskfdL/vdaAcFEf/kBY5SaCsCflZrF2SF3tGNpD64pkZQJdjRJQ23IV7oSQvc8CJG4ElFyvVfQIJfhkhmaYj5hQru20Ze+9jKoU2WnF7Vzent+/mVNTeZYnqAOmJxqHWuWhpiI4F+Sbq2eJP4OEP676HgECM/myaXlrmJpbovRjKWYTgrxvWuxAFYMzUlMd0ix stephenwe@Celtic.local"
                        },
                        "meta": {
                            "schema_version": "1"
                        },
                        "tainted": false
                    },
                    "deposed": [],
                    "provider": "provider.aws"
                },
                "aws_route.stephen_VPC_internet_access": {
                    "type": "aws_route",
                    "depends_on": [
                        "aws_internet_gateway.stephen_VPC_GW",
                        "aws_route_table.stephen_public_route_table"
                    ],
                    "primary": {
                        "id": "r-rtb-058519bfd8c275e071080289494",
                        "attributes": {
                            "destination_cidr_block": "0.0.0.0/0",
                            "destination_prefix_list_id": "",
                            "egress_only_gateway_id": "",
                            "gateway_id": "igw-03633d2c75f52b3ed",
                            "id": "r-rtb-058519bfd8c275e071080289494",
                            "instance_id": "",
                            "instance_owner_id": "",
                            "nat_gateway_id": "",
                            "network_interface_id": "",
                            "origin": "CreateRoute",
                            "route_table_id": "rtb-058519bfd8c275e07",
                            "state": "active",
                            "transit_gateway_id": "",
                            "vpc_peering_connection_id": ""
                        },
                        "meta": {
                            "e2bfb730-ecaa-11e6-8f88-34363bc7c4c0": {
                                "create": 120000000000,
                                "delete": 300000000000
                            }
                        },
                        "tainted": false
                    },
                    "deposed": [],
                    "provider": "provider.aws"
                },
                "aws_route_table.stephen_public_route_table": {
                    "type": "aws_route_table",
                    "depends_on": [
                        "aws_vpc.main"
                    ],
                    "primary": {
                        "id": "rtb-058519bfd8c275e07",
                        "attributes": {
                            "id": "rtb-058519bfd8c275e07",
                            "owner_id": "969613056480",
                            "propagating_vgws.#": "0",
                            "route.#": "0",
                            "tags.%": "1",
                            "tags.Name": "Stephen EC2 Jenkins System",
                            "vpc_id": "vpc-033cac8b8586bff32"
                        },
                        "meta": {},
                        "tainted": false
                    },
                    "deposed": [],
                    "provider": "provider.aws"
                },
                "aws_route_table_association.stephen_Public_VPC_association": {
                    "type": "aws_route_table_association",
                    "depends_on": [
                        "aws_route_table.stephen_public_route_table",
                        "aws_subnet.stephen-subnetpublic"
                    ],
                    "primary": {
                        "id": "rtbassoc-0c8c39906a2c01cb1",
                        "attributes": {
                            "id": "rtbassoc-0c8c39906a2c01cb1",
                            "route_table_id": "rtb-058519bfd8c275e07",
                            "subnet_id": "subnet-06f5279e8ef581d27"
                        },
                        "meta": {},
                        "tainted": false
                    },
                    "deposed": [],
                    "provider": "provider.aws"
                },
                "aws_security_group.stephen": {
                    "type": "aws_security_group",
                    "depends_on": [
                        "aws_vpc.main"
                    ],
                    "primary": {
                        "id": "sg-0e1a0ee88e6e39fdf",
                        "attributes": {
                            "arn": "arn:aws:ec2:eu-west-1:969613056480:security-group/sg-0e1a0ee88e6e39fdf",
                            "description": "Managed by Terraform",
                            "egress.#": "1",
                            "egress.482069346.cidr_blocks.#": "1",
                            "egress.482069346.cidr_blocks.0": "0.0.0.0/0",
                            "egress.482069346.description": "",
                            "egress.482069346.from_port": "0",
                            "egress.482069346.ipv6_cidr_blocks.#": "0",
                            "egress.482069346.prefix_list_ids.#": "0",
                            "egress.482069346.protocol": "-1",
                            "egress.482069346.security_groups.#": "0",
                            "egress.482069346.self": "false",
                            "egress.482069346.to_port": "0",
                            "id": "sg-0e1a0ee88e6e39fdf",
                            "ingress.#": "2",
                            "ingress.2541437006.cidr_blocks.#": "1",
                            "ingress.2541437006.cidr_blocks.0": "0.0.0.0/0",
                            "ingress.2541437006.description": "",
                            "ingress.2541437006.from_port": "22",
                            "ingress.2541437006.ipv6_cidr_blocks.#": "0",
                            "ingress.2541437006.prefix_list_ids.#": "0",
                            "ingress.2541437006.protocol": "tcp",
                            "ingress.2541437006.security_groups.#": "0",
                            "ingress.2541437006.self": "false",
                            "ingress.2541437006.to_port": "22",
                            "ingress.516175195.cidr_blocks.#": "1",
                            "ingress.516175195.cidr_blocks.0": "0.0.0.0/0",
                            "ingress.516175195.description": "",
                            "ingress.516175195.from_port": "8080",
                            "ingress.516175195.ipv6_cidr_blocks.#": "0",
                            "ingress.516175195.prefix_list_ids.#": "0",
                            "ingress.516175195.protocol": "tcp",
                            "ingress.516175195.security_groups.#": "0",
                            "ingress.516175195.self": "false",
                            "ingress.516175195.to_port": "8080",
                            "name": "stephen",
                            "owner_id": "969613056480",
                            "revoke_rules_on_delete": "false",
                            "tags.%": "0",
                            "vpc_id": "vpc-033cac8b8586bff32"
                        },
                        "meta": {
                            "e2bfb730-ecaa-11e6-8f88-34363bc7c4c0": {
                                "create": 600000000000,
                                "delete": 600000000000
                            },
                            "schema_version": "1"
                        },
                        "tainted": false
                    },
                    "deposed": [],
                    "provider": "provider.aws"
                },
                "aws_subnet.stephen-subnetpublic": {
                    "type": "aws_subnet",
                    "depends_on": [
                        "aws_vpc.main"
                    ],
                    "primary": {
                        "id": "subnet-06f5279e8ef581d27",
                        "attributes": {
                            "arn": "arn:aws:ec2:eu-west-1:969613056480:subnet/subnet-06f5279e8ef581d27",
                            "assign_ipv6_address_on_creation": "false",
                            "availability_zone": "eu-west-1c",
                            "availability_zone_id": "euw1-az3",
                            "cidr_block": "10.0.5.0/24",
                            "id": "subnet-06f5279e8ef581d27",
                            "ipv6_cidr_block": "",
                            "ipv6_cidr_block_association_id": "",
                            "map_public_ip_on_launch": "false",
                            "owner_id": "969613056480",
                            "tags.%": "1",
                            "tags.Name": "stephen-subnetpublic",
                            "vpc_id": "vpc-033cac8b8586bff32"
                        },
                        "meta": {
                            "e2bfb730-ecaa-11e6-8f88-34363bc7c4c0": {
                                "create": 600000000000,
                                "delete": 600000000000
                            },
                            "schema_version": "1"
                        },
                        "tainted": false
                    },
                    "deposed": [],
                    "provider": "provider.aws"
                },
                "aws_vpc.main": {
                    "type": "aws_vpc",
                    "depends_on": [],
                    "primary": {
                        "id": "vpc-033cac8b8586bff32",
                        "attributes": {
                            "arn": "arn:aws:ec2:eu-west-1:969613056480:vpc/vpc-033cac8b8586bff32",
                            "assign_generated_ipv6_cidr_block": "false",
                            "cidr_block": "10.0.0.0/16",
                            "default_network_acl_id": "acl-024636d841d2cd0a6",
                            "default_route_table_id": "rtb-07fef1804e71fd3fc",
                            "default_security_group_id": "sg-0ceff8f20cced8e2e",
                            "dhcp_options_id": "dopt-ed8ceb8b",
                            "enable_classiclink": "false",
                            "enable_classiclink_dns_support": "false",
                            "enable_dns_hostnames": "false",
                            "enable_dns_support": "true",
                            "id": "vpc-033cac8b8586bff32",
                            "instance_tenancy": "default",
                            "ipv6_association_id": "",
                            "ipv6_cidr_block": "",
                            "main_route_table_id": "rtb-07fef1804e71fd3fc",
                            "owner_id": "969613056480",
                            "tags.%": "1",
                            "tags.Name": "stephen-jenkins-system"
                        },
                        "meta": {
                            "schema_version": "1"
                        },
                        "tainted": false
                    },
                    "deposed": [],
                    "provider": "provider.aws"
                },
                "data.aws_ami.amz-jenkins-master": {
                    "type": "aws_ami",
                    "depends_on": [],
                    "primary": {
                        "id": "ami-08935252a36e25f85",
                        "attributes": {
                            "architecture": "x86_64",
                            "block_device_mappings.#": "1",
                            "block_device_mappings.340275815.device_name": "/dev/xvda",
                            "block_device_mappings.340275815.ebs.%": "6",
                            "block_device_mappings.340275815.ebs.delete_on_termination": "true",
                            "block_device_mappings.340275815.ebs.encrypted": "false",
                            "block_device_mappings.340275815.ebs.iops": "0",
                            "block_device_mappings.340275815.ebs.snapshot_id": "snap-019c9b44e0361bbb0",
                            "block_device_mappings.340275815.ebs.volume_size": "8",
                            "block_device_mappings.340275815.ebs.volume_type": "gp2",
                            "block_device_mappings.340275815.no_device": "",
                            "block_device_mappings.340275815.virtual_name": "",
                            "creation_date": "2018-11-28T21:08:11.000Z",
                            "description": "Amazon Linux AMI 2018.03.0.20181129 x86_64 HVM gp2",
                            "filter.#": "2",
                            "filter.3169420402.name": "name",
                            "filter.3169420402.values.#": "1",
                            "filter.3169420402.values.0": "amzn-ami-hvm-*-x86_64-gp2",
                            "filter.490168357.name": "virtualization-type",
                            "filter.490168357.values.#": "1",
                            "filter.490168357.values.0": "hvm",
                            "hypervisor": "xen",
                            "id": "ami-08935252a36e25f85",
                            "image_id": "ami-08935252a36e25f85",
                            "image_location": "amazon/amzn-ami-hvm-2018.03.0.20181129-x86_64-gp2",
                            "image_owner_alias": "amazon",
                            "image_type": "machine",
                            "most_recent": "true",
                            "name": "amzn-ami-hvm-2018.03.0.20181129-x86_64-gp2",
                            "owner_id": "137112412989",
                            "owners.#": "1",
                            "owners.0": "amazon",
                            "product_codes.#": "0",
                            "public": "true",
                            "root_device_name": "/dev/xvda",
                            "root_device_type": "ebs",
                            "root_snapshot_id": "snap-019c9b44e0361bbb0",
                            "sriov_net_support": "simple",
                            "state": "available",
                            "state_reason.%": "2",
                            "state_reason.code": "UNSET",
                            "state_reason.message": "UNSET",
                            "tags.%": "0",
                            "virtualization_type": "hvm"
                        },
                        "meta": {},
                        "tainted": false
                    },
                    "deposed": [],
                    "provider": "provider.aws"
                },
                "data.aws_ami.amz-jenkins-salve": {
                    "type": "aws_ami",
                    "depends_on": [],
                    "primary": {
                        "id": "ami-08935252a36e25f85",
                        "attributes": {
                            "architecture": "x86_64",
                            "block_device_mappings.#": "1",
                            "block_device_mappings.340275815.device_name": "/dev/xvda",
                            "block_device_mappings.340275815.ebs.%": "6",
                            "block_device_mappings.340275815.ebs.delete_on_termination": "true",
                            "block_device_mappings.340275815.ebs.encrypted": "false",
                            "block_device_mappings.340275815.ebs.iops": "0",
                            "block_device_mappings.340275815.ebs.snapshot_id": "snap-019c9b44e0361bbb0",
                            "block_device_mappings.340275815.ebs.volume_size": "8",
                            "block_device_mappings.340275815.ebs.volume_type": "gp2",
                            "block_device_mappings.340275815.no_device": "",
                            "block_device_mappings.340275815.virtual_name": "",
                            "creation_date": "2018-11-28T21:08:11.000Z",
                            "description": "Amazon Linux AMI 2018.03.0.20181129 x86_64 HVM gp2",
                            "filter.#": "2",
                            "filter.3169420402.name": "name",
                            "filter.3169420402.values.#": "1",
                            "filter.3169420402.values.0": "amzn-ami-hvm-*-x86_64-gp2",
                            "filter.490168357.name": "virtualization-type",
                            "filter.490168357.values.#": "1",
                            "filter.490168357.values.0": "hvm",
                            "hypervisor": "xen",
                            "id": "ami-08935252a36e25f85",
                            "image_id": "ami-08935252a36e25f85",
                            "image_location": "amazon/amzn-ami-hvm-2018.03.0.20181129-x86_64-gp2",
                            "image_owner_alias": "amazon",
                            "image_type": "machine",
                            "most_recent": "true",
                            "name": "amzn-ami-hvm-2018.03.0.20181129-x86_64-gp2",
                            "owner_id": "137112412989",
                            "owners.#": "1",
                            "owners.0": "amazon",
                            "product_codes.#": "0",
                            "public": "true",
                            "root_device_name": "/dev/xvda",
                            "root_device_type": "ebs",
                            "root_snapshot_id": "snap-019c9b44e0361bbb0",
                            "sriov_net_support": "simple",
                            "state": "available",
                            "state_reason.%": "2",
                            "state_reason.code": "UNSET",
                            "state_reason.message": "UNSET",
                            "tags.%": "0",
                            "virtualization_type": "hvm"
                        },
                        "meta": {},
                        "tainted": false
                    },
                    "deposed": [],
                    "provider": "provider.aws"
                }
            },
            "depends_on": []
        }
    ]
}
